{
    "_meta": {
        "hash": {
            "sha256": "75020356c48604a3e7b8b2db9eb11b7519a1a83ae055fb0670d6e3e76cba0d15"
        },
        "pipfile-spec": 6,
        "requires": {
            "python_version": "2.7"
        },
        "sources": [
            {
                "name": "pypi",
                "url": "https://pypi.org/simple",
                "verify_ssl": true
            }
        ]
    },
    "default": {
        "asn1crypto": {
            "hashes": [
                "sha256:2f1adbb7546ed199e3c90ef23ec95c5cf3585bac7d11fb7eb562a3fe89c64e87",
                "sha256:9d5c20441baf0cb60a4ac34cc447c6c189024b6b4c6cd7877034f4965c464e49"
            ],
            "version": "==0.24.0"
        },
        "bcrypt": {
            "hashes": [
                "sha256:01477981abf74e306e8ee31629a940a5e9138de000c6b0898f7f850461c4a0a5",
                "sha256:054d6e0acaea429e6da3613fcd12d05ee29a531794d96f6ab959f29a39f33391",
                "sha256:0872eeecdf9a429c1420158500eedb323a132bc5bf3339475151c52414729e70",
                "sha256:09a3b8c258b815eadb611bad04ca15ec77d86aa9ce56070e1af0d5932f17642a",
                "sha256:0f317e4ffbdd15c3c0f8ab5fbd86aa9aabc7bea18b5cc5951b456fe39e9f738c",
                "sha256:2788c32673a2ad0062bea850ab73cffc0dba874db10d7a3682b6f2f280553f20",
                "sha256:321d4d48be25b8d77594d8324c0585c80ae91ac214f62db9098734e5e7fb280f",
                "sha256:346d6f84ff0b493dbc90c6b77136df83e81f903f0b95525ee80e5e6d5e4eef84",
                "sha256:34dd60b90b0f6de94a89e71fcd19913a30e83091c8468d0923a93a0cccbfbbff",
                "sha256:3b4c23300c4eded8895442c003ae9b14328ae69309ac5867e7530de8bdd7875d",
                "sha256:43d1960e7db14042319c46925892d5fa99b08ff21d57482e6f5328a1aca03588",
                "sha256:49e96267cd9be55a349fd74f9852eb9ae2c427cd7f6455d0f1765d7332292832",
                "sha256:63e06ffdaf4054a89757a3a1ab07f1b922daf911743114a54f7c561b9e1baa58",
                "sha256:67ed1a374c9155ec0840214ce804616de49c3df9c5bc66740687c1c9b1cd9e8d",
                "sha256:6b662a5669186439f4f583636c8d6ea77cf92f7cfe6aae8d22edf16c36840574",
                "sha256:6efd9ca20aefbaf2e7e6817a2c6ed4a50ff6900fafdea1bcb1d0e9471743b144",
                "sha256:8569844a5d8e1fdde4d7712a05ab2e6061343ac34af6e7e3d7935b2bd1907bfd",
                "sha256:8629ea6a8a59f865add1d6a87464c3c676e60101b8d16ef404d0a031424a8491",
                "sha256:988cac675e25133d01a78f2286189c1f01974470817a33eaf4cfee573cfb72a5",
                "sha256:9a6fedda73aba1568962f7543a1f586051c54febbc74e87769bad6a4b8587c39",
                "sha256:9eced8962ce3b7124fe20fd358cf8c7470706437fa064b9874f849ad4c5866fc",
                "sha256:a005ed6163490988711ff732386b08effcbf8df62ae93dd1e5bda0714fad8afb",
                "sha256:ae35dbcb6b011af6c840893b32399252d81ff57d52c13e12422e16b5fea1d0fb",
                "sha256:b1e8491c6740f21b37cca77bc64677696a3fb9f32360794d57fa8477b7329eda",
                "sha256:c906bdb482162e9ef48eea9f8c0d967acceb5c84f2d25574c7d2a58d04861df1",
                "sha256:cb18ffdc861dbb244f14be32c47ab69604d0aca415bee53485fcea4f8e93d5ef",
                "sha256:cc2f24dc1c6c88c56248e93f28d439ee4018338567b0bbb490ea26a381a29b1e",
                "sha256:d860c7fff18d49e20339fc6dffc2d485635e36d4b2cccf58f45db815b64100b4",
                "sha256:d86da365dda59010ba0d1ac45aa78390f56bf7f992e65f70b3b081d5e5257b09",
                "sha256:e22f0997622e1ceec834fd25947dc2ee2962c2133ea693d61805bc867abaf7ea",
                "sha256:f2fe545d27a619a552396533cddf70d83cecd880a611cdfdbb87ca6aec52f66b",
                "sha256:f425e925485b3be48051f913dbe17e08e8c48588fdf44a26b8b14067041c0da6",
                "sha256:f7fd3ed3745fe6e81e28dc3b3d76cce31525a91f32a387e1febd6b982caf8cdb",
                "sha256:f9210820ee4818d84658ed7df16a7f30c9fba7d8b139959950acef91745cc0f7"
            ],
            "index": "pypi",
            "version": "==3.1.4"
        },
        "beautifulsoup4": {
            "hashes": [
                "sha256:272081ad78c5495ba67083a0e50920163701fa6fe67fbb5eefeb21b5dd88c40b",
                "sha256:5a3d659840960a4107047b6328d6d4cdaaee69939bf11adc07466a1856c99a80",
                "sha256:bd43a3b26d2886acd63070c43da821b60dea603eb6d45bab0294aac6129adbfa"
            ],
            "index": "pypi",
            "version": "==4.6.1"
        },
        "blinker": {
            "hashes": [
                "sha256:471aee25f3992bd325afa3772f1063dbdbbca947a041b8b89466dc00d606f8b6"
            ],
            "index": "pypi",
            "version": "==1.4"
        },
        "cffi": {
            "hashes": [
                "sha256:151b7eefd035c56b2b2e1eb9963c90c6302dc15fbd8c1c0a83a163ff2c7d7743",
                "sha256:1553d1e99f035ace1c0544050622b7bc963374a00c467edafac50ad7bd276aef",
                "sha256:1b0493c091a1898f1136e3f4f991a784437fac3673780ff9de3bcf46c80b6b50",
                "sha256:2ba8a45822b7aee805ab49abfe7eec16b90587f7f26df20c71dd89e45a97076f",
                "sha256:3bb6bd7266598f318063e584378b8e27c67de998a43362e8fce664c54ee52d30",
                "sha256:3c85641778460581c42924384f5e68076d724ceac0f267d66c757f7535069c93",
                "sha256:3eb6434197633b7748cea30bf0ba9f66727cdce45117a712b29a443943733257",
                "sha256:495c5c2d43bf6cebe0178eb3e88f9c4aa48d8934aa6e3cddb865c058da76756b",
                "sha256:4c91af6e967c2015729d3e69c2e51d92f9898c330d6a851bf8f121236f3defd3",
                "sha256:57b2533356cb2d8fac1555815929f7f5f14d68ac77b085d2326b571310f34f6e",
                "sha256:770f3782b31f50b68627e22f91cb182c48c47c02eb405fd689472aa7b7aa16dc",
                "sha256:79f9b6f7c46ae1f8ded75f68cf8ad50e5729ed4d590c74840471fc2823457d04",
                "sha256:7a33145e04d44ce95bcd71e522b478d282ad0eafaf34fe1ec5bbd73e662f22b6",
                "sha256:857959354ae3a6fa3da6651b966d13b0a8bed6bbc87a0de7b38a549db1d2a359",
                "sha256:87f37fe5130574ff76c17cab61e7d2538a16f843bb7bca8ebbc4b12de3078596",
                "sha256:95d5251e4b5ca00061f9d9f3d6fe537247e145a8524ae9fd30a2f8fbce993b5b",
                "sha256:9d1d3e63a4afdc29bd76ce6aa9d58c771cd1599fbba8cf5057e7860b203710dd",
                "sha256:a36c5c154f9d42ec176e6e620cb0dd275744aa1d804786a71ac37dc3661a5e95",
                "sha256:a6a5cb8809091ec9ac03edde9304b3ad82ad4466333432b16d78ef40e0cce0d5",
                "sha256:ae5e35a2c189d397b91034642cb0eab0e346f776ec2eb44a49a459e6615d6e2e",
                "sha256:b0f7d4a3df8f06cf49f9f121bead236e328074de6449866515cea4907bbc63d6",
                "sha256:b75110fb114fa366b29a027d0c9be3709579602ae111ff61674d28c93606acca",
                "sha256:ba5e697569f84b13640c9e193170e89c13c6244c24400fc57e88724ef610cd31",
                "sha256:be2a9b390f77fd7676d80bc3cdc4f8edb940d8c198ed2d8c0be1319018c778e1",
                "sha256:ca1bd81f40adc59011f58159e4aa6445fc585a32bb8ac9badf7a2c1aa23822f2",
                "sha256:d5d8555d9bfc3f02385c1c37e9f998e2011f0db4f90e250e5bc0c0a85a813085",
                "sha256:e55e22ac0a30023426564b1059b035973ec82186ddddbac867078435801c7801",
                "sha256:e90f17980e6ab0f3c2f3730e56d1fe9bcba1891eeea58966e89d352492cc74f4",
                "sha256:ecbb7b01409e9b782df5ded849c178a0aa7c906cf8c5a67368047daab282b184",
                "sha256:ed01918d545a38998bfa5902c7c00e0fee90e957ce036a4000a88e3fe2264917",
                "sha256:edabd457cd23a02965166026fd9bfd196f4324fe6032e866d0f3bd0301cd486f",
                "sha256:fdf1c1dc5bafc32bc5d08b054f94d659422b05aba244d6be4ddc1c72d9aa70fb"
            ],
            "markers": "platform_python_implementation != 'PyPy'",
            "version": "==1.11.5"
        },
        "chardet": {
            "hashes": [
                "sha256:84ab92ed1c4d4f16916e05906b6b75a6c0fb5db821cc65e70cbd64a3e2a5eaae",
                "sha256:fc323ffcaeaed0e0a02bf4d117757b98aed530d9ed4531e3e15460124c106691"
            ],
            "index": "pypi",
            "version": "==3.0.4"
        },
        "click": {
            "hashes": [
                "sha256:29f99fc6125fbc931b758dc053b3114e55c77a6e4c6c3a2674a2dc986016381d",
                "sha256:f15516df478d5a56180fbf80e68f206010e6d160fc39fa508b65e035fd75130b"
            ],
            "version": "==6.7"
        },
        "cryptography": {
            "hashes": [
                "sha256:21af753934f2f6d1a10fe8f4c0a64315af209ef6adeaee63ca349797d747d687",
                "sha256:27bb401a20a838d6d0ea380f08c6ead3ccd8c9d8a0232dc9adcc0e4994576a66",
                "sha256:29720c4253263cff9aea64585adbbe85013ba647f6e98367efff9db2d7193ded",
                "sha256:2a35b7570d8f247889784010aac8b384fd2e4a47b33e15c4a60b45a7c1944120",
                "sha256:42c531a6a354407f42ee07fda5c2c0dc822cf6d52744949c182f2b295fbd4183",
                "sha256:5eb86f03f9c4f0ac2336ac5431271072ddf7ecc76b338e26366732cfac58aa19",
                "sha256:67f7f57eae8dede577f3f7775957f5bec93edd6bdb6ce597bb5b28e1bdf3d4fb",
                "sha256:6ec84edcbc966ae460560a51a90046503ff0b5b66157a9efc61515c68059f6c8",
                "sha256:7ba834564daef87557e7fcd35c3c3183a4147b0b3a57314e53317360b9b201b3",
                "sha256:7d7f084cbe1fdb82be5a0545062b59b1ad3637bc5a48612ac2eb428ff31b31ea",
                "sha256:82409f5150e529d699e5c33fa8fd85e965104db03bc564f5f4b6a9199e591f7c",
                "sha256:87d092a7c2a44e5f7414ab02fb4145723ebba411425e1a99773531dd4c0e9b8d",
                "sha256:8c56ef989342e42b9fcaba7c74b446f0cc9bed546dd00034fa7ad66fc00307ef",
                "sha256:9449f5d4d7c516a6118fa9210c4a00f34384cb1d2028672100ee0c6cce49d7f6",
                "sha256:bc2301170986ad82d9349a91eb8884e0e191209c45f5541b16aa7c0cfb135978",
                "sha256:c132bab45d4bd0fff1d3fe294d92b0a6eb8404e93337b3127bdec9f21de117e6",
                "sha256:c3d945b7b577f07a477700f618f46cbc287af3a9222cd73035c6ef527ef2c363",
                "sha256:cee18beb4c807b5c0b178f4fa2fae03cef9d51821a358c6890f8b23465b7e5d2",
                "sha256:d01dfc5c2b3495184f683574e03c70022674ca9a7be88589c5aba130d835ea90"
            ],
            "version": "==2.3"
        },
        "decorator": {
            "hashes": [
                "sha256:2c51dff8ef3c447388fe5e4453d24a2bf128d3a4c32af3fabef1f01c6851ab82",
                "sha256:c39efa13fbdeb4506c476c9b3babf6a718da943dab7811c206005a4a956c080c"
            ],
            "index": "pypi",
            "version": "==4.3.0"
        },
        "enum34": {
            "hashes": [
                "sha256:2d81cbbe0e73112bdfe6ef8576f2238f2ba27dd0d55752a776c41d38b7da2850",
                "sha256:644837f692e5f550741432dd3f223bbb9852018674981b1664e5dc339387588a",
                "sha256:6bd0f6ad48ec2aa117d3d141940d484deccda84d4fcd884f5c3d93c23ecd8c79",
                "sha256:8ad8c4783bf61ded74527bffb48ed9b54166685e4230386a9ed9b1279e2df5b1"
            ],
            "index": "pypi",
            "version": "==1.1.6"
        },
        "et-xmlfile": {
            "hashes": [
                "sha256:614d9722d572f6246302c4491846d2c393c199cfa4edc9af593437691683335b"
            ],
            "version": "==1.0.1"
        },
        "flask": {
            "hashes": [
                "sha256:2271c0070dbcb5275fad4a82e29f23ab92682dc45f9dfbc22c02ba9b9322ce48",
                "sha256:a080b744b7e345ccfcbc77954861cb05b3c63786e93f2b3875e0913d44b43f05"
            ],
            "index": "pypi",
            "version": "==1.0.2"
        },
        "flask-wtf": {
            "hashes": [
                "sha256:5d14d55cfd35f613d99ee7cba0fc3fbbe63ba02f544d349158c14ca15561cc36",
                "sha256:d9a9e366b32dcbb98ef17228e76be15702cd2600675668bca23f63a7947fd5ac"
            ],
            "index": "pypi",
            "version": "==0.14.2"
        },
        "html5lib": {
            "hashes": [
                "sha256:20b159aa3badc9d5ee8f5c647e5efd02ed2a66ab8d354930bd9ff139fc1dc0a3",
                "sha256:66cb0dcfdbbc4f9c3ba1a63fdb511ffdbd4f513b2b6d81b80cd26ce6b3fb3736"
            ],
            "index": "pypi",
            "version": "==1.0.1"
        },
        "httplib2": {
            "hashes": [
                "sha256:e71daed9a0e6373642db61166fa70beecc9bf04383477f84671348c02a04cbdf"
            ],
            "version": "==0.11.3"
        },
        "idna": {
            "hashes": [
                "sha256:156a6814fb5ac1fc6850fb002e0852d56c0c8d2531923a51032d1b70760e186e",
                "sha256:684a38a6f903c1d71d6d5fac066b58d7768af4de2b832e426ec79c30daa94a16"
            ],
            "index": "pypi",
            "version": "==2.7"
        },
        "ipaddress": {
            "hashes": [
                "sha256:64b28eec5e78e7510698f6d4da08800a5c575caa4a286c93d651c5d3ff7b6794",
                "sha256:b146c751ea45cad6188dd6cf2d9b757f6f4f8d6ffb96a023e6f2e26eea02a72c"
            ],
            "index": "pypi",
            "version": "==1.0.22"
        },
        "itsdangerous": {
            "hashes": [
                "sha256:cbb3fcf8d3e33df861709ecaf89d9e6629cff0a217bc2848f1b41cd30d360519"
            ],
            "index": "pypi",
            "version": "==0.24"
        },
        "jdcal": {
            "hashes": [
                "sha256:948fb8d079e63b4be7a69dd5f0cd618a0a57e80753de8248fd786a8a20658a07",
                "sha256:ea0a5067c5f0f50ad4c7bdc80abad3d976604f6fb026b0b3a17a9d84bb9046c9"
            ],
            "index": "pypi",
            "version": "==1.4"
        },
        "jinja2": {
            "hashes": [
                "sha256:74c935a1b8bb9a3947c50a54766a969d4846290e1e788ea44c1392163723c3bd",
                "sha256:f84be1bb0040caca4cea721fcbbbbd61f9be9464ca236387158b0feea01914a4"
            ],
            "index": "pypi",
            "version": "==2.10"
        },
        "ldap": {
            "hashes": [
                "sha256:323cc7826b5d3bf9b400ca64dfdef490e68abbc607cfe50b2b9fa75f3081869e",
                "sha256:ead51179daa5dbe6f635f5dbac4357ac7a2c278b5455393064522efb172377e5"
            ],
            "index": "pypi",
            "version": "==1.0.2"
        },
        "ldap3": {
            "hashes": [
                "sha256:cc09951809678cfb693a13a6011dd2d48ada60a52bd80cb4bd7dcc55ee7c02fd"
            ],
            "index": "pypi",
            "version": "==2.5.1"
        },
        "lxml": {
            "hashes": [
                "sha256:0cf1eca0652c4409e0655e04b840d6d85b7eb18718f5fba3862acad5500e3480",
                "sha256:10624ef1b468252309f269b13af4f837e3a82be366b5f3e49b0e83f1ad66205f",
                "sha256:1259e374da3a575615fe402e0966c5894bae3d2e229c2239ba4ebf2bb020c4b6",
                "sha256:26bb748af1ead0097eb8272b8a06f15a0015b8f312eef772a95f223a16e7de56",
                "sha256:27d0b13bcfcf2f6a5664e64fc3d684c76db1cdba5a5761795d154063559e0b59",
                "sha256:2b013fdabcbc21bc2770437099b921ec290235752b5baaac7a601f75094a378d",
                "sha256:2e469ea2c0b722b9b393187649e7d126c537a68512fc92a676fe86e57050c2a9",
                "sha256:37f7c2cdf513a0ea239c1609681880fb2f0073de0d2996e0ae9a7f0ef15d8b95",
                "sha256:68c6afc7a4411db2df28307e2493c945cb3d887e8f431b81811c1ea6ba087b8b",
                "sha256:73fe3452fc02c0b418914f842f897bdad0f1184368d8d9c315294ff7b94946f2",
                "sha256:7584d83d7315f641510e5f97f4d636ea225fd76e3f8aee965b2e8c93a8169b4d",
                "sha256:76e3ec6b26b1198dd5e6e20539d8360dcd3b224cd80cadba9307b790fda79161",
                "sha256:8288a889cbaa446e5fa168837456e63098b91953c89e5857968a5091b337cdca",
                "sha256:ad9e1fee284dec97b74cd88e925eca1575145598c974243cfb5e859f406adc32",
                "sha256:b360c3769cf0fd7d82577e40e37d4caf693f67744d0d61d11d66b5c31eaccf7a",
                "sha256:c4aaf320284a2713428163bae0e7df0db3b489237ab4830179210a12d56d3068",
                "sha256:c530274e43b0f376cd94e8e0a3e6ea28de1739ec4326689bdbf626e172d2e614",
                "sha256:ca4e79294fd0f3f9e0e5a4c309df84b5f2abc62349bfaf2aaf8965e5108ef8e2",
                "sha256:ce2dc5a104e885abbd48d0cc92ae74afa1d685ee65d6e3497067207d6a26e177",
                "sha256:d295cac30d3e13e82473081ea7df2a11352b5625cb54187fcd5a8be5d9ebf315",
                "sha256:d498338b39c4757ba88bdc705b3a0647d18554856cd2d394ac3bb919ac890c9d",
                "sha256:d537f8e613074805e17039e345edaa822534f66f07d315c89cff9824aa996d65",
                "sha256:df8ba3f52ef59a553b0e94593ea526c34faa4f531c1ab7f5ca7f392bc770c9e3",
                "sha256:e2553800d2d461a2dc329682d0a9068f238ec11d763e5454c61c4df7a0346ed2",
                "sha256:e2afbe403090f5893e254958d02875e0732975e73c4c0cdd33c1f009a61963ca",
                "sha256:e740efa625883f3c4de20c7e1411228d7ce2ab47b9e874a703f6681ec0558a30",
                "sha256:ec7864b62da0f5ae44973351247f2250a25b9b544fc6aff8bd6a75da1156cc70",
                "sha256:f26ddab491b10279b7e8e3fdcbaaaba3ab282fbaecfa48a19874dfc4d53b9d4f",
                "sha256:f6a16681f30918521066ddcc4ba79c1e033c9837dd94f78f5a9f6110e7572185",
                "sha256:f968623ac9b81a6253d4bbbe3f4d1e6be5f33707f397b566935783511bfa281a"
            ],
            "index": "pypi",
            "version": "==4.2.4"
        },
        "markupsafe": {
            "hashes": [
                "sha256:a6be69091dac236ea9c6bc7d012beab42010fa914c459791d627dad4910eb665"
            ],
            "index": "pypi",
            "version": "==1.0"
        },
        "oauth2": {
            "hashes": [
                "sha256:15b5c42301f46dd63113f1214b0d81a8b16254f65a86d3c32a1b52297f3266e6",
                "sha256:c006a85e7c60107c7cc6da1b184b5c719f6dd7202098196dfa6e55df669b59bf"
            ],
            "version": "==1.9.0.post1"
        },
        "openpyxl": {
            "hashes": [
                "sha256:0f391b0035d7c98f25aad539726e8efc77eea250ff1a120ea7d264c03a16f5fe"
            ],
            "index": "pypi",
            "version": "==2.5.5"
        },
        "pillow": {
            "hashes": [
                "sha256:00def5b638994f888d1058e4d17c86dec8e1113c3741a0a8a659039aec59a83a",
                "sha256:026449b64e559226cdb8e6d8c931b5965d8fc90ec18ebbb0baa04c5b36503c72",
                "sha256:03dbb224ee196ef30ed2156d41b579143e1efeb422974719a5392fc035e4f574",
                "sha256:03eb0e04f929c102ae24bc436bf1c0c60a4e63b07ebd388e84d8b219df3e6acd",
                "sha256:1be66b9a89e367e7d20d6cae419794997921fe105090fafd86ef39e20a3baab2",
                "sha256:1e977a3ed998a599bda5021fb2c2889060617627d3ae228297a529a082a3cd5c",
                "sha256:22cf3406d135cfcc13ec6228ade774c8461e125c940e80455f500638429be273",
                "sha256:24adccf1e834f82718c7fc8e3ec1093738da95144b8b1e44c99d5fc7d3e9c554",
                "sha256:2a3e362c97a5e6a259ee9cd66553292a1f8928a5bdfa3622fdb1501570834612",
                "sha256:3832e26ecbc9d8a500821e3a1d3765bda99d04ae29ffbb2efba49f5f788dc934",
                "sha256:4fd1f0c2dc02aaec729d91c92cd85a2df0289d88e9f68d1e8faba750bb9c4786",
                "sha256:4fda62030f2c515b6e2e673c57caa55cb04026a81968f3128aae10fc28e5cc27",
                "sha256:5044d75a68b49ce36a813c82d8201384207112d5d81643937fc758c05302f05b",
                "sha256:522184556921512ec484cb93bd84e0bab915d0ac5a372d49571c241a7f73db62",
                "sha256:5914cff11f3e920626da48e564be6818831713a3087586302444b9c70e8552d9",
                "sha256:6661a7908d68c4a133e03dac8178287aa20a99f841ea90beeb98a233ae3fd710",
                "sha256:79258a8df3e309a54c7ef2ef4a59bb8e28f7e4a8992a3ad17c24b1889ced44f3",
                "sha256:7d74c20b8f1c3e99d3f781d3b8ff5abfefdd7363d61e23bdeba9992ff32cc4b4",
                "sha256:81918afeafc16ba5d9d0d4e9445905f21aac969a4ebb6f2bff4b9886da100f4b",
                "sha256:8194d913ca1f459377c8a4ed8f9b7ad750068b8e0e3f3f9c6963fcc87a84515f",
                "sha256:84d5d31200b11b3c76fab853b89ac898bf2d05c8b3da07c1fcc23feb06359d6e",
                "sha256:989981db57abffb52026b114c9a1f114c7142860a6d30a352d28f8cbf186500b",
                "sha256:a3d7511d3fad1618a82299aab71a5fceee5c015653a77ffea75ced9ef917e71a",
                "sha256:b3ef168d4d6fd4fa6685aef7c91400f59f7ab1c0da734541f7031699741fb23f",
                "sha256:c1c5792b6e74bbf2af0f8e892272c2a6c48efa895903211f11b8342e03129fea",
                "sha256:c5dcb5a56aebb8a8f2585042b2f5c496d7624f0bcfe248f0cc33ceb2fd8d39e7",
                "sha256:e2bed4a04e2ca1050bb5f00865cf2f83c0b92fd62454d9244f690fcd842e27a4",
                "sha256:e87a527c06319428007e8c30511e1f0ce035cb7f14bb4793b003ed532c3b9333",
                "sha256:f63e420180cbe22ff6e32558b612e75f50616fc111c5e095a4631946c782e109",
                "sha256:f8b3d413c5a8f84b12cd4c5df1d8e211777c9852c6be3ee9c094b626644d3eab"
            ],
            "index": "pypi",
            "version": "==5.2.0"
        },
        "psycopg2-binary": {
            "hashes": [
                "sha256:04afb59bbbd2eab3148e6816beddc74348078b8c02a1113ea7f7822f5be4afe3",
                "sha256:098b18f4d8857a8f9b206d1dc54db56c2255d5d26458917e7bcad61ebfe4338f",
                "sha256:0bf855d4a7083e20ead961fda4923887094eaeace0ab2d76eb4aa300f4bbf5bd",
                "sha256:197dda3ffd02057820be83fe4d84529ea70bf39a9a4daee1d20ffc74eb3d042e",
                "sha256:278ef63afb4b3d842b4609f2c05ffbfb76795cf6a184deeb8707cd5ed3c981a5",
                "sha256:3cbf8c4fc8f22f0817220891cf405831559f4d4c12c4f73913730a2ea6c47a47",
                "sha256:4305aed922c4d9d6163ab3a41d80b5a1cfab54917467da8168552c42cad84d32",
                "sha256:47ee296f704fb8b2a616dec691cdcfd5fa0f11943955e88faa98cbd1dc3b3e3d",
                "sha256:4a0e38cb30457e70580903367161173d4a7d1381eb2f2cfe4e69b7806623f484",
                "sha256:4d6c294c6638a71cafb82a37f182f24321f1163b08b5d5ca076e11fe838a3086",
                "sha256:4f3233c366500730f839f92833194fd8f9a5c4529c8cd8040aa162c3740de8e5",
                "sha256:5221f5a3f4ca2ddf0d58e8b8a32ca50948be9a43351fda797eb4e72d7a7aa34d",
                "sha256:5c6ca0b507540a11eaf9e77dee4f07c131c2ec80ca0cffa146671bf690bc1c02",
                "sha256:789bd89d71d704db2b3d5e67d6d518b158985d791d3b2dec5ab85457cfc9677b",
                "sha256:7b94d29239efeaa6a967f3b5971bd0518d2a24edd1511edbf4a2c8b815220d07",
                "sha256:89bc65ef3301c74cf32db25334421ea6adbe8f65601ea45dcaaf095abed910bb",
                "sha256:89d6d3a549f405c20c9ae4dc94d7ed2de2fa77427a470674490a622070732e62",
                "sha256:97521704ac7127d7d8ba22877da3c7bf4a40366587d238ec679ff38e33177498",
                "sha256:a395b62d5f44ff6f633231abe568e2203b8fabf9797cd6386aa92497df912d9a",
                "sha256:a6d32c37f714c3f34158f3fa659f3a8f2658d5f53c4297d45579b9677cc4d852",
                "sha256:a89ee5c26f72f2d0d74b991ce49e42ddeb4ac0dc2d8c06a0f2770a1ab48f4fe0",
                "sha256:b4c8b0ef3608e59317bfc501df84a61e48b5445d45f24d0391a24802de5f2d84",
                "sha256:b5fcf07140219a1f71e18486b8dc28e2e1b76a441c19374805c617aa6d9a9d55",
                "sha256:b86f527f00956ecebad6ab3bb30e3a75fedf1160a8716978dd8ce7adddedd86f",
                "sha256:be4c4aa22ba22f70de36c98b06480e2f1697972d49eb20d525f400d204a6d272",
                "sha256:c2ac7aa1a144d4e0e613ac7286dae85671e99fe7a1353954d4905629c36b811c",
                "sha256:de26ef4787b5e778e8223913a3e50368b44e7480f83c76df1f51d23bd21cea16",
                "sha256:e70ebcfc5372dc7b699c0110454fc4263967f30c55454397e5769eb72c0eb0ce",
                "sha256:eadbd32b6bc48b67b0457fccc94c86f7ccc8178ab839f684eb285bb592dc143e",
                "sha256:ecbc6dfff6db06b8b72ae8a2f25ff20fbdcb83cb543811a08f7cb555042aa729"
            ],
            "index": "pypi",
            "version": "==2.7.5"
        },
        "pyasn1": {
            "hashes": [
                "sha256:b9d3abc5031e61927c82d4d96c1cec1e55676c1a991623cfed28faea73cdd7ca",
                "sha256:f58f2a3d12fd754aa123e9fa74fb7345333000a035f3921dbdaa08597aa53137"
            ],
            "index": "pypi",
            "version": "==0.4.4"
        },
        "pycparser": {
            "hashes": [
                "sha256:99a8ca03e29851d96616ad0404b4aad7d9ee16f25c9f9708a11faf2810f7b226"
            ],
            "version": "==2.18"
        },
        "pyinotify": {
            "hashes": [
                "sha256:9c998a5d7606ca835065cdabc013ae6c66eb9ea76a00a1e3bc6e0cfe2b4f71f4"
            ],
            "index": "pypi",
            "version": "==0.9.6"
        },
        "pylti": {
            "hashes": [
                "sha256:1284a22c2959aa6b1c2895925133ef8d6ab6f41c2e7d0a7cef9a1d27e366410e",
                "sha256:80938a235b1ab390f6889a95237d087ea7adde5cc50fcae9c80c49898e8ee78e"
            ],
            "index": "pypi",
            "version": "==0.7.0"
        },
        "pyopenssl": {
            "hashes": [
                "sha256:26ff56a6b5ecaf3a2a59f132681e2a80afcc76b4f902f612f518f92c2a1bf854",
                "sha256:6488f1423b00f73b7ad5167885312bb0ce410d3312eb212393795b53c8caa580"
            ],
            "index": "pypi",
            "version": "==18.0.0"
        },
        "python-memcached": {
            "hashes": [
                "sha256:4dac64916871bd3550263323fc2ce18e1e439080a2d5670c594cf3118d99b594",
                "sha256:a2e28637be13ee0bf1a8b6843e7490f9456fd3f2a4cb60471733c7b5d5557e4f"
            ],
            "index": "pypi",
            "version": "==1.59"
        },
        "six": {
            "hashes": [
                "sha256:70e8a77beed4562e7f14fe23a786b54f6296e34344c23bc42f07b15018ff98e9",
                "sha256:832dc0e10feb1aa2c68dcc57dbb658f1c7e65b9b61af69048abc87a2db00a0eb"
            ],
            "version": "==1.11.0"
        },
        "webencodings": {
            "hashes": [
                "sha256:a0af1213f3c2226497a97e2b3aa01a7e4bee4f403f95be16fc9acd2947514a78",
                "sha256:b36a1c245f2d304965eb4e0a82848379241dc04b865afcc4aab16748587e1923"
            ],
            "version": "==0.5.1"
        },
        "werkzeug": {
            "hashes": [
                "sha256:c3fd7a7d41976d9f44db327260e263132466836cef6f91512889ed60ad26557c",
                "sha256:d5da73735293558eb1651ee2fddc4d0dedcfa06538b8813a2e20011583c9e49b"
            ],
            "index": "pypi",
            "version": "==0.14.1"
        },
        "wtforms": {
            "hashes": [
                "sha256:0cdbac3e7f6878086c334aa25dc5a33869a3954e9d1e015130d65a69309b3b61",
                "sha256:e3ee092c827582c50877cdbd49e9ce6d2c5c1f6561f849b3b068c1b8029626f1"
            ],
            "index": "pypi",
            "version": "==2.2.1"
        }
    },
    "develop": {
        "certifi": {
            "hashes": [
                "sha256:13e698f54293db9f89122b0581843a782ad0934a4fe0172d2a980ba77fc61bb7",
                "sha256:9fa520c1bacfb634fa7af20a76bcbd3d5fb390481724c597da32c719a7dca4b0"
            ],
            "version": "==2018.4.16"
        },
        "chardet": {
            "hashes": [
                "sha256:84ab92ed1c4d4f16916e05906b6b75a6c0fb5db821cc65e70cbd64a3e2a5eaae",
                "sha256:fc323ffcaeaed0e0a02bf4d117757b98aed530d9ed4531e3e15460124c106691"
            ],
            "index": "pypi",
            "version": "==3.0.4"
        },
        "click": {
            "hashes": [
                "sha256:29f99fc6125fbc931b758dc053b3114e55c77a6e4c6c3a2674a2dc986016381d",
                "sha256:f15516df478d5a56180fbf80e68f206010e6d160fc39fa508b65e035fd75130b"
            ],
            "version": "==6.7"
        },
        "flask": {
            "hashes": [
                "sha256:2271c0070dbcb5275fad4a82e29f23ab92682dc45f9dfbc22c02ba9b9322ce48",
                "sha256:a080b744b7e345ccfcbc77954861cb05b3c63786e93f2b3875e0913d44b43f05"
            ],
            "index": "pypi",
            "version": "==1.0.2"
        },
        "gevent": {
            "hashes": [
                "sha256:201b14bb62f72073369f86f21f824bfc079477b864590d43574d625266d358ec",
                "sha256:298fff6b452e879ffd8de2cf17b453469bef4f34fecc1c3d2252358d01000d42",
                "sha256:2e9c15461ead5714fa70fb0179927410fcaeb39125ead575472a45d13973de32",
                "sha256:32a231c52a5e8c0a5e62ffa2d25f14cfa5fe6bc8856093f5babe3f1e32d471d3",
                "sha256:425edae7557599f16bf428b84d58f5aa5623c7ed9c2c2ef4a915046799992069",
                "sha256:42deb83ae2a1944f318e9a9ce4d8715ebcbfb62ca348787d43304ff25818c2c0",
                "sha256:55fa0607b72710372d37b35e9af85755a0c8bd0e3e82d70970a349feb2b426f6",
                "sha256:5fcf30b6172c6ae4f89dbe6051971a71bb04080d0eda9a0c31862054346d1ddd",
                "sha256:6eb85cce56bf530664f7661c4bf2fe5d9d4de231c1cd2860c7563c517a6f56dc",
                "sha256:77abcc8a9e04d33325b79d2130e1faf32a02069e63131c184802bb79fb5711d1",
                "sha256:7f15861f3cc92f49663ca88c4774d26d8044783a65fbc28071a2bd1c7bf36ff0",
                "sha256:82e0eb07ab596908295d49f27e84799bff73638e13699496048d13051c8421a1",
                "sha256:856ed81267a802eeaf925d7bf1a676c721f90c162c05ae906ab9c4646086c1a3",
                "sha256:8a8bcb9bbf7af0527ef77d86fa094b647d0e8cd377c5e31c1ad1a3d456b4a10b",
                "sha256:8bbf3f2ab60e39be4363923d2b5996bff65d4163fe560280b71bb8ca18df2055",
                "sha256:916457841e4f335ccd228ac274801f1773973d27be3c53ed3ee1209f7629950e",
                "sha256:a46b85bb42aeeab11f140587b8482d0f04d4b3db6f20f6668624bb0a822a28b0",
                "sha256:a52f5cef4073d9e8d58c8c44d4795cbc2e298d374125745637d8f078f8970b6b",
                "sha256:a7969bfff628318e9a0ce56ad322eed39d1047d7006a0b41dc2e8783349ecece",
                "sha256:aa04c207f6abb5d34de148e08b4d461544e808534000c4e5429eda08aa1204d6",
                "sha256:bd34e943810df73d7bf346262dae09281d045edebd086205e9ff2db377bae060",
                "sha256:d0a4d114890b6d619e81140550c45d3611588c00f2baa1d6af9362907687ca1d",
                "sha256:e2e3a6a2a147330d24e6e2b2f144c196841a707a41ee61253565d400ed7df62f"
            ],
            "version": "==1.3.5"
        },
        "greenlet": {
            "hashes": [
                "sha256:0411b5bf0de5ec11060925fd811ad49073fa19f995bcf408839eb619b59bb9f7",
                "sha256:131f4ed14f0fd28d2a9fa50f79a57d5ed1c8f742d3ccac3d773fee09ef6fe217",
                "sha256:13510d32f8db72a0b3e1720dbf8cba5c4eecdf07abc4cb631982f51256c453d1",
                "sha256:31dc4d77ef04ab0460d024786f51466dbbc274fda7c8aad0885a6df5ff8d642e",
                "sha256:35021d9fecea53b21e4defec0ff3ad69a8e2b75aca1ceddd444a5ba71216547e",
                "sha256:426a8ef9e3b97c27e841648241c2862442c13c91ec4a48c4a72b262ccf30add9",
                "sha256:58217698193fb94f3e6ff57eed0ae20381a8d06c2bc10151f76c06bb449a3a19",
                "sha256:5f45adbbb69281845981bb4e0a4efb8a405f10f3cd6c349cb4a5db3357c6bf93",
                "sha256:5fdb524767288f7ad161d2182f7ed6cafc0a283363728dcd04b9485f6411547c",
                "sha256:71fbee1f7ef3fb42efa3761a8faefc796e7e425f528de536cfb4c9de03bde885",
                "sha256:80bd314157851d06f7db7ca527082dbb0ee97afefb529cdcd59f7a5950927ba0",
                "sha256:b843c9ef6aed54a2649887f55959da0031595ccfaf7e7a0ba7aa681ffeaa0aa1",
                "sha256:c6a05ef8125503d2d282ccf1448e3599b8a6bd805c3cdee79760fa3da0ea090e",
                "sha256:deeda2769a52db840efe5bf7bdf7cefa0ae17b43a844a3259d39fb9465c8b008",
                "sha256:e66f8b09eec1afdcab947d3a1d65b87b25fde39e9172ae1bec562488335633b4",
                "sha256:e8db93045414980dbada8908d49dbbc0aa134277da3ff613b3e548cb275bdd37",
                "sha256:f1cc268a15ade58d9a0c04569fe6613e19b8b0345b64453064e2c3c6d79051af",
                "sha256:fe3001b6a4f3f3582a865b9e5081cc548b973ec20320f297f5e2d46860e9c703",
                "sha256:fe85bf7adb26eb47ad53a1bae5d35a28df16b2b93b89042a3a28746617a4738d"
            ],
            "markers": "platform_python_implementation == 'CPython'",
            "version": "==0.4.14"
        },
        "idna": {
            "hashes": [
                "sha256:156a6814fb5ac1fc6850fb002e0852d56c0c8d2531923a51032d1b70760e186e",
                "sha256:684a38a6f903c1d71d6d5fac066b58d7768af4de2b832e426ec79c30daa94a16"
            ],
            "index": "pypi",
            "version": "==2.7"
        },
        "itsdangerous": {
            "hashes": [
                "sha256:cbb3fcf8d3e33df861709ecaf89d9e6629cff0a217bc2848f1b41cd30d360519"
            ],
            "index": "pypi",
            "version": "==0.24"
        },
        "jinja2": {
            "hashes": [
                "sha256:74c935a1b8bb9a3947c50a54766a969d4846290e1e788ea44c1392163723c3bd",
                "sha256:f84be1bb0040caca4cea721fcbbbbd61f9be9464ca236387158b0feea01914a4"
            ],
            "index": "pypi",
            "version": "==2.10"
        },
        "locust": {
            "hashes": [
                "sha256:d0f2cf5c979d1c72f5f93cc5d7626e2fbe0c11031b22227370f7c7f7eeb4f5f3"
            ],
            "index": "pypi",
            "version": "==0.8"
        },
        "markupsafe": {
            "hashes": [
                "sha256:a6be69091dac236ea9c6bc7d012beab42010fa914c459791d627dad4910eb665"
            ],
            "index": "pypi",
            "version": "==1.0"
        },
        "msgpack-python": {
            "hashes": [
                "sha256:378cc8a6d3545b532dfd149da715abae4fda2a3adb6d74e525d0d5e51f46909b"
            ],
            "version": "==0.5.6"
        },
        "nose": {
            "hashes": [
                "sha256:9ff7c6cc443f8c51994b34a667bbcf45afd6d945be7477b52e97516fd17c53ac",
                "sha256:dadcddc0aefbf99eea214e0f1232b94f2fa9bd98fa8353711dacb112bfcbbb2a",
                "sha256:f1bffef9cbc82628f6e7d7b40d7e255aefaa1adb6a1b1d26c69a8b79e6208a98"
            ],
            "index": "pypi",
            "version": "==1.3.7"
        },
        "pyzmq": {
            "hashes": [
                "sha256:096b72e48dc4fb6afac4dc862626b103287176be7c0f49b52782689eac4bf376",
                "sha256:1c0d469837c54df4b3b8424c79f102a2a4ccc7e1e7f8816fcdcf39c1e6406b19",
                "sha256:2199f753a230e26aec5238b0518b036780708a4c887d4944519681a920b9dee4",
                "sha256:22402d2a55dcc5973b1356be12dbc4417350fcc85a6da3af2984271e769a28f4",
                "sha256:4166c2e45b5d43bc1da49a7f8518c2ced11227fb69b35405940442b92b0b0c34",
                "sha256:488ab43a9c4a710264987e7efe5d53384858281bd6540db0a47e7bb6c3bf7ec5",
                "sha256:8d757eaf5eb3b27ab449343e55b8e8f442a3de67ccdfca893cefe8964d44a147",
                "sha256:8e576262221c7fbee894cf105eb975f1385fc91988ce6120cdb2305195e7a9f6",
                "sha256:90b38559b33f544ebaa35fcb8d4091cb35c689a3cfe92e584e36c746f648c12b",
                "sha256:911f457a0b5c0e0c857a71bd2abbb96d15c695a11cf61caa43059143ed01bb6e",
                "sha256:941c9676bc2f3dbab528a4cd42a9dd80310156ed6014276f16288f25c9ff4da2",
                "sha256:965d50febc5402e7fb93c432155463b4184a79bec040cdeb3b006b278b3a544f",
                "sha256:98fe34bbbe5a516e75ac16f1ea585d9c1dda2067b6c9f4da174add6c952883b6",
                "sha256:9dc60c4a8299aa77082493231045d15b58c7875cb9f3dbee6e11a86356bd9e24",
                "sha256:a3d1c56387332063a5492c186fb504a7b6dfbdf6f0ce0a7388fed722998e3b0f",
                "sha256:a9660113ff4c52160f734704af8d351326cc6eabf1dbd135cf02c0ded02e1d9d",
                "sha256:b097f32a1ee00e0b2aa9776e0112a73655484d2e7c0634757c84c036c8be0706",
                "sha256:bcd81ab868e916fc22172667e528211b21e2dcab9af2e9fb3ee631d3eb946893",
                "sha256:bd1c9cbb6d1032a61a8ab0e77b1c83caa7b04e77a6736ff23d213de6bde92622",
                "sha256:cfe8d245bd62b3f87e120029f5a83f47055d3bb2d2b7f91566dd43487dedd6e3",
                "sha256:d74052450985befe7d983abb1daab6112b5cb78f1258731afe04c55dbb504739",
                "sha256:df65629511d6037045b2b4d87b17b0a984d7ae6af44e0d87c350c93e6685d746",
                "sha256:e724a5117044490cf0f55b5025bba4b909de0be4f47f6a48ad7c24d6a8e7e48c",
                "sha256:fafcb5be16c0012ada037b8eaf63d5b25d421680072eeb6df4a2d90599d962e6",
                "sha256:fdced6cf08aaa5b0dacfa4562e518ffb562bb09a90483f920cf6c4ecabd3f379"
            ],
            "markers": "python_version != '3.1*' and python_version >= '2.7' and python_version != '3.0*' and python_version != '3.2*'",
            "version": "==17.1.0"
        },
        "requests": {
            "hashes": [
                "sha256:63b52e3c866428a224f97cab011de738c36aec0185aa91cfacd418b5d58911d1",
                "sha256:ec22d826a36ed72a7358ff3fe56cbd4ba69dd7a6718ffd450ff0e9df7a47ce6a"
            ],
            "version": "==2.19.1"
        },
        "six": {
            "hashes": [
                "sha256:70e8a77beed4562e7f14fe23a786b54f6296e34344c23bc42f07b15018ff98e9",
                "sha256:832dc0e10feb1aa2c68dcc57dbb658f1c7e65b9b61af69048abc87a2db00a0eb"
            ],
            "version": "==1.11.0"
        },
        "urllib3": {
            "hashes": [
                "sha256:a68ac5e15e76e7e5dd2b8f94007233e01effe3e50e8daddf69acfd81cb686baf",
                "sha256:b5725a0bd4ba422ab0e66e89e030c806576753ea3ee08554382c14e685d117b5"
            ],
            "markers": "python_version != '3.2.*' and python_version != '3.3.*' and python_version != '3.0.*' and python_version != '3.1.*' and python_version < '4' and python_version >= '2.6'",
            "version": "==1.23"
        },
        "werkzeug": {
            "hashes": [
                "sha256:c3fd7a7d41976d9f44db327260e263132466836cef6f91512889ed60ad26557c",
                "sha256:d5da73735293558eb1651ee2fddc4d0dedcfa06538b8813a2e20011583c9e49b"
            ],
            "index": "pypi",
            "version": "==0.14.1"
        }
    }
}
